
Microsoft Visual Studio Solution File, Format Version 12.00
# Visual Studio Version 17
VisualStudioVersion = 17.0.31717.71
MinimumVisualStudioVersion = 10.0.40219.1
Project("{FAE04EC0-301F-11D3-BF4B-00C04F79EFBC}") = "LaboratoryWorkNo5", "LaboratoryWorkNo5\LaboratoryWorkNo5.csproj", "{1293225C-4C32-4631-A9EB-E8B2C1434563}"
EndProject
Global
	GlobalSection(SolutionConfigurationPlatforms) = preSolution
		Debug|Any CPU = Debug|Any CPU
		Release|Any CPU = Release|Any CPU
	EndGlobalSection
	GlobalSection(ProjectConfigurationPlatforms) = postSolution
		{1293225C-4C32-4631-A9EB-E8B2C1434563}.Debug|Any CPU.ActiveCfg = Debug|Any CPU
		{1293225C-4C32-4631-A9EB-E8B2C1434563}.Debug|Any CPU.Build.0 = Debug|Any CPU
		{1293225C-4C32-4631-A9EB-E8B2C1434563}.Release|Any CPU.ActiveCfg = Release|Any CPU
		{1293225C-4C32-4631-A9EB-E8B2C1434563}.Release|Any CPU.Build.0 = Release|Any CPU
	EndGlobalSection
	GlobalSection(SolutionProperties) = preSolution
		HideSolutionNode = FALSE
	EndGlobalSection
	GlobalSection(ExtensibilityGlobals) = postSolution
		SolutionGuid = {21DDF9D8-C973-44C6-9BAF-6AB44A773EF2}
	EndGlobalSection
EndGlobal
